
Microsoft Visual Studio Solution File, Format Version 12.00
# Visual Studio Version 17
VisualStudioVersion = 17.10.35027.167
MinimumVisualStudioVersion = 10.0.40219.1
Project("{FAE04EC0-301F-11D3-BF4B-00C04F79EFBC}") = "TodoApi", "TodoApi\TodoApi.csproj", "{188B08C7-0010-4895-94C2-E5690C8D0FE0}"
EndProject
Global
	GlobalSection(SolutionConfigurationPlatforms) = preSolution
		Debug|Any CPU = Debug|Any CPU
		Release|Any CPU = Release|Any CPU
	EndGlobalSection
	GlobalSection(ProjectConfigurationPlatforms) = postSolution
		{188B08C7-0010-4895-94C2-E5690C8D0FE0}.Debug|Any CPU.ActiveCfg = Debug|Any CPU
		{188B08C7-0010-4895-94C2-E5690C8D0FE0}.Debug|Any CPU.Build.0 = Debug|Any CPU
		{188B08C7-0010-4895-94C2-E5690C8D0FE0}.Release|Any CPU.ActiveCfg = Release|Any CPU
		{188B08C7-0010-4895-94C2-E5690C8D0FE0}.Release|Any CPU.Build.0 = Release|Any CPU
	EndGlobalSection
	GlobalSection(SolutionProperties) = preSolution
		HideSolutionNode = FALSE
	EndGlobalSection
	GlobalSection(ExtensibilityGlobals) = postSolution
		SolutionGuid = {487F986F-1CB1-494F-B86E-7DB2A6A4659F}
	EndGlobalSection
EndGlobal
